
Microsoft Visual Studio Solution File, Format Version 12.00
# Visual Studio Version 16
VisualStudioVersion = 16.0.30717.126
MinimumVisualStudioVersion = 10.0.40219.1
Project("{FAE04EC0-301F-11D3-BF4B-00C04F79EFBC}") = "E8247C_0", "E8247C_0\E8247C_0.csproj", "{F219043B-D214-4A7B-B9AB-7FECA4C1E123}"
EndProject
Global
	GlobalSection(SolutionConfigurationPlatforms) = preSolution
		Debug|Any CPU = Debug|Any CPU
		Release|Any CPU = Release|Any CPU
	EndGlobalSection
	GlobalSection(ProjectConfigurationPlatforms) = postSolution
		{F219043B-D214-4A7B-B9AB-7FECA4C1E123}.Debug|Any CPU.ActiveCfg = Debug|Any CPU
		{F219043B-D214-4A7B-B9AB-7FECA4C1E123}.Debug|Any CPU.Build.0 = Debug|Any CPU
		{F219043B-D214-4A7B-B9AB-7FECA4C1E123}.Release|Any CPU.ActiveCfg = Release|Any CPU
		{F219043B-D214-4A7B-B9AB-7FECA4C1E123}.Release|Any CPU.Build.0 = Release|Any CPU
	EndGlobalSection
	GlobalSection(SolutionProperties) = preSolution
		HideSolutionNode = FALSE
	EndGlobalSection
	GlobalSection(ExtensibilityGlobals) = postSolution
		SolutionGuid = {C2A401BA-553C-4E20-B657-02774EA31237}
	EndGlobalSection
EndGlobal
